
Microsoft Visual Studio Solution File, Format Version 12.00
# Visual Studio Version 16
VisualStudioVersion = 16.0.30320.27
MinimumVisualStudioVersion = 10.0.40219.1
Project("{8BC9CEB8-8B4A-11D0-8D11-00A0C91BC942}") = "libbz2", "libbz2.vcxproj", "{1BED579A-0136-4AA8-89AB-CED237226A0C}"
EndProject
Global
	GlobalSection(SolutionConfigurationPlatforms) = preSolution
		Debug|x86 = Debug|x86
		Release|x86 = Release|x86
	EndGlobalSection
	GlobalSection(ProjectConfigurationPlatforms) = postSolution
		{1BED579A-0136-4AA8-89AB-CED237226A0C}.Debug|x86.ActiveCfg = Debug|Win32
		{1BED579A-0136-4AA8-89AB-CED237226A0C}.Debug|x86.Build.0 = Debug|Win32
		{1BED579A-0136-4AA8-89AB-CED237226A0C}.Release|x86.ActiveCfg = Release|Win32
		{1BED579A-0136-4AA8-89AB-CED237226A0C}.Release|x86.Build.0 = Release|Win32
	EndGlobalSection
	GlobalSection(SolutionProperties) = preSolution
		HideSolutionNode = FALSE
	EndGlobalSection
	GlobalSection(ExtensibilityGlobals) = postSolution
		SolutionGuid = {F775004D-ECB4-461C-B9D7-DAB85DEDAC9E}
	EndGlobalSection
EndGlobal
